// !$*UTF8*$!
{
	archiveVersion = 1;
	classes = {
	};
	objectVersion = 50;
	objects = {

/* Begin PBXBuildFile section */
		D4F3F61C22ECEDD6001DC620 /* yale_column.hpp in Headers */ = {isa = PBXBuildFile; fileRef = D4F3F61022ECEDD6001DC620 /* yale_column.hpp */; };
		D4F3F61D22ECEDD6001DC620 /* yale_measure.hpp in Headers */ = {isa = PBXBuildFile; fileRef = D4F3F61122ECEDD6001DC620 /* yale_measure.hpp */; };
		D4F3F61E22ECEDD6001DC620 /* yale_object.hpp in Headers */ = {isa = PBXBuildFile; fileRef = D4F3F61222ECEDD6001DC620 /* yale_object.hpp */; };
		D4F3F61F22ECEDD6001DC620 /* yale_measure.cpp in Sources */ = {isa = PBXBuildFile; fileRef = D4F3F61322ECEDD6001DC620 /* yale_measure.cpp */; };
		D4F3F62022ECEDD6001DC620 /* yale_rect.cpp in Sources */ = {isa = PBXBuildFile; fileRef = D4F3F61422ECEDD6001DC620 /* yale_rect.cpp */; };
		D4F3F62122ECEDD6001DC620 /* yale_score.cpp in Sources */ = {isa = PBXBuildFile; fileRef = D4F3F61522ECEDD6001DC620 /* yale_score.cpp */; };
		D4F3F62222ECEDD6001DC620 /* yale_score.hpp in Headers */ = {isa = PBXBuildFile; fileRef = D4F3F61622ECEDD6001DC620 /* yale_score.hpp */; };
		D4F3F62322ECEDD6001DC620 /* yale_staff.cpp in Sources */ = {isa = PBXBuildFile; fileRef = D4F3F61722ECEDD6001DC620 /* yale_staff.cpp */; };
		D4F3F62422ECEDD6001DC620 /* yale_staff.hpp in Headers */ = {isa = PBXBuildFile; fileRef = D4F3F61822ECEDD6001DC620 /* yale_staff.hpp */; };
		D4F3F62522ECEDD6001DC620 /* yale_object.cpp in Sources */ = {isa = PBXBuildFile; fileRef = D4F3F61922ECEDD6001DC620 /* yale_object.cpp */; };
		D4F3F62622ECEDD6001DC620 /* yale_column.cpp in Sources */ = {isa = PBXBuildFile; fileRef = D4F3F61A22ECEDD6001DC620 /* yale_column.cpp */; };
		D4F3F62722ECEDD6001DC620 /* yale_rect.hpp in Headers */ = {isa = PBXBuildFile; fileRef = D4F3F61B22ECEDD6001DC620 /* yale_rect.hpp */; };
		D4F3F62A22EF06BF001DC620 /* yale_time_sig.hpp in Headers */ = {isa = PBXBuildFile; fileRef = D4F3F62822EF06BF001DC620 /* yale_time_sig.hpp */; };
		D4F3F62B22EF06BF001DC620 /* yale_time_sig.cpp in Sources */ = {isa = PBXBuildFile; fileRef = D4F3F62922EF06BF001DC620 /* yale_time_sig.cpp */; };
/* End PBXBuildFile section */

/* Begin PBXFileReference section */
		D46FC37B22ECED0800CE9F2D /* liblaban.a */ = {isa = PBXFileReference; explicitFileType = archive.ar; includeInIndex = 0; path = liblaban.a; sourceTree = BUILT_PRODUCTS_DIR; };
		D4F3F61022ECEDD6001DC620 /* yale_column.hpp */ = {isa = PBXFileReference; fileEncoding = 4; lastKnownFileType = sourcecode.cpp.h; path = yale_column.hpp; sourceTree = "<group>"; };
		D4F3F61122ECEDD6001DC620 /* yale_measure.hpp */ = {isa = PBXFileReference; fileEncoding = 4; lastKnownFileType = sourcecode.cpp.h; path = yale_measure.hpp; sourceTree = "<group>"; };
		D4F3F61222ECEDD6001DC620 /* yale_object.hpp */ = {isa = PBXFileReference; fileEncoding = 4; lastKnownFileType = sourcecode.cpp.h; path = yale_object.hpp; sourceTree = "<group>"; };
		D4F3F61322ECEDD6001DC620 /* yale_measure.cpp */ = {isa = PBXFileReference; fileEncoding = 4; lastKnownFileType = sourcecode.cpp.cpp; path = yale_measure.cpp; sourceTree = "<group>"; };
		D4F3F61422ECEDD6001DC620 /* yale_rect.cpp */ = {isa = PBXFileReference; fileEncoding = 4; lastKnownFileType = sourcecode.cpp.cpp; path = yale_rect.cpp; sourceTree = "<group>"; };
		D4F3F61522ECEDD6001DC620 /* yale_score.cpp */ = {isa = PBXFileReference; fileEncoding = 4; lastKnownFileType = sourcecode.cpp.cpp; path = yale_score.cpp; sourceTree = "<group>"; };
		D4F3F61622ECEDD6001DC620 /* yale_score.hpp */ = {isa = PBXFileReference; fileEncoding = 4; lastKnownFileType = sourcecode.cpp.h; path = yale_score.hpp; sourceTree = "<group>"; };
		D4F3F61722ECEDD6001DC620 /* yale_staff.cpp */ = {isa = PBXFileReference; fileEncoding = 4; lastKnownFileType = sourcecode.cpp.cpp; path = yale_staff.cpp; sourceTree = "<group>"; };
		D4F3F61822ECEDD6001DC620 /* yale_staff.hpp */ = {isa = PBXFileReference; fileEncoding = 4; lastKnownFileType = sourcecode.cpp.h; path = yale_staff.hpp; sourceTree = "<group>"; };
		D4F3F61922ECEDD6001DC620 /* yale_object.cpp */ = {isa = PBXFileReference; fileEncoding = 4; lastKnownFileType = sourcecode.cpp.cpp; path = yale_object.cpp; sourceTree = "<group>"; };
		D4F3F61A22ECEDD6001DC620 /* yale_column.cpp */ = {isa = PBXFileReference; fileEncoding = 4; lastKnownFileType = sourcecode.cpp.cpp; path = yale_column.cpp; sourceTree = "<group>"; };
		D4F3F61B22ECEDD6001DC620 /* yale_rect.hpp */ = {isa = PBXFileReference; fileEncoding = 4; lastKnownFileType = sourcecode.cpp.h; path = yale_rect.hpp; sourceTree = "<group>"; };
		D4F3F62822EF06BF001DC620 /* yale_time_sig.hpp */ = {isa = PBXFileReference; fileEncoding = 4; lastKnownFileType = sourcecode.cpp.h; path = yale_time_sig.hpp; sourceTree = "<group>"; };
		D4F3F62922EF06BF001DC620 /* yale_time_sig.cpp */ = {isa = PBXFileReference; fileEncoding = 4; lastKnownFileType = sourcecode.cpp.cpp; path = yale_time_sig.cpp; sourceTree = "<group>"; };
/* End PBXFileReference section */

/* Begin PBXFrameworksBuildPhase section */
		D46FC37922ECED0800CE9F2D /* Frameworks */ = {
			isa = PBXFrameworksBuildPhase;
			buildActionMask = 2147483647;
			files = (
			);
			runOnlyForDeploymentPostprocessing = 0;
		};
/* End PBXFrameworksBuildPhase section */

/* Begin PBXGroup section */
		D46FC37222ECED0800CE9F2D = {
			isa = PBXGroup;
			children = (
				D4F3F62922EF06BF001DC620 /* yale_time_sig.cpp */,
				D4F3F62822EF06BF001DC620 /* yale_time_sig.hpp */,
				D4F3F61A22ECEDD6001DC620 /* yale_column.cpp */,
				D4F3F61022ECEDD6001DC620 /* yale_column.hpp */,
				D4F3F61322ECEDD6001DC620 /* yale_measure.cpp */,
				D4F3F61122ECEDD6001DC620 /* yale_measure.hpp */,
				D4F3F61922ECEDD6001DC620 /* yale_object.cpp */,
				D4F3F61222ECEDD6001DC620 /* yale_object.hpp */,
				D4F3F61422ECEDD6001DC620 /* yale_rect.cpp */,
				D4F3F61B22ECEDD6001DC620 /* yale_rect.hpp */,
				D4F3F61522ECEDD6001DC620 /* yale_score.cpp */,
				D4F3F61622ECEDD6001DC620 /* yale_score.hpp */,
				D4F3F61722ECEDD6001DC620 /* yale_staff.cpp */,
				D4F3F61822ECEDD6001DC620 /* yale_staff.hpp */,
				D46FC37C22ECED0800CE9F2D /* Products */,
			);
			sourceTree = "<group>";
		};
		D46FC37C22ECED0800CE9F2D /* Products */ = {
			isa = PBXGroup;
			children = (
				D46FC37B22ECED0800CE9F2D /* liblaban.a */,
			);
			name = Products;
			sourceTree = "<group>";
		};
/* End PBXGroup section */

/* Begin PBXHeadersBuildPhase section */
		D46FC37722ECED0800CE9F2D /* Headers */ = {
			isa = PBXHeadersBuildPhase;
			buildActionMask = 2147483647;
			files = (
				D4F3F62422ECEDD6001DC620 /* yale_staff.hpp in Headers */,
				D4F3F61E22ECEDD6001DC620 /* yale_object.hpp in Headers */,
				D4F3F62A22EF06BF001DC620 /* yale_time_sig.hpp in Headers */,
				D4F3F61D22ECEDD6001DC620 /* yale_measure.hpp in Headers */,
				D4F3F62222ECEDD6001DC620 /* yale_score.hpp in Headers */,
				D4F3F61C22ECEDD6001DC620 /* yale_column.hpp in Headers */,
				D4F3F62722ECEDD6001DC620 /* yale_rect.hpp in Headers */,
			);
			runOnlyForDeploymentPostprocessing = 0;
		};
/* End PBXHeadersBuildPhase section */

/* Begin PBXNativeTarget section */
		D46FC37A22ECED0800CE9F2D /* liblaban */ = {
			isa = PBXNativeTarget;
			buildConfigurationList = D46FC37F22ECED0800CE9F2D /* Build configuration list for PBXNativeTarget "liblaban" */;
			buildPhases = (
				D46FC37722ECED0800CE9F2D /* Headers */,
				D46FC37822ECED0800CE9F2D /* Sources */,
				D46FC37922ECED0800CE9F2D /* Frameworks */,
			);
			buildRules = (
			);
			dependencies = (
			);
			name = liblaban;
			productName = liblaban;
			productReference = D46FC37B22ECED0800CE9F2D /* liblaban.a */;
			productType = "com.apple.product-type.library.static";
		};
/* End PBXNativeTarget section */

/* Begin PBXProject section */
		D46FC37322ECED0800CE9F2D /* Project object */ = {
			isa = PBXProject;
			attributes = {
				LastUpgradeCheck = 1030;
				ORGANIZATIONNAME = "Robert Baron";
				TargetAttributes = {
					D46FC37A22ECED0800CE9F2D = {
						CreatedOnToolsVersion = 10.3;
					};
				};
			};
			buildConfigurationList = D46FC37622ECED0800CE9F2D /* Build configuration list for PBXProject "liblaban" */;
			compatibilityVersion = "Xcode 9.3";
			developmentRegion = en;
			hasScannedForEncodings = 0;
			knownRegions = (
				en,
			);
			mainGroup = D46FC37222ECED0800CE9F2D;
			productRefGroup = D46FC37C22ECED0800CE9F2D /* Products */;
			projectDirPath = "";
			projectRoot = "";
			targets = (
				D46FC37A22ECED0800CE9F2D /* liblaban */,
			);
		};
/* End PBXProject section */

/* Begin PBXSourcesBuildPhase section */
		D46FC37822ECED0800CE9F2D /* Sources */ = {
			isa = PBXSourcesBuildPhase;
			buildActionMask = 2147483647;
			files = (
				D4F3F62B22EF06BF001DC620 /* yale_time_sig.cpp in Sources */,
				D4F3F62022ECEDD6001DC620 /* yale_rect.cpp in Sources */,
				D4F3F62322ECEDD6001DC620 /* yale_staff.cpp in Sources */,
				D4F3F62622ECEDD6001DC620 /* yale_column.cpp in Sources */,
				D4F3F62122ECEDD6001DC620 /* yale_score.cpp in Sources */,
				D4F3F62522ECEDD6001DC620 /* yale_object.cpp in Sources */,
				D4F3F61F22ECEDD6001DC620 /* yale_measure.cpp in Sources */,
			);
			runOnlyForDeploymentPostprocessing = 0;
		};
/* End PBXSourcesBuildPhase section */

/* Begin XCBuildConfiguration section */
		D46FC37D22ECED0800CE9F2D /* Debug */ = {
			isa = XCBuildConfiguration;
			buildSettings = {
				ALWAYS_SEARCH_USER_PATHS = NO;
				CLANG_ANALYZER_NONNULL = YES;
				CLANG_ANALYZER_NUMBER_OBJECT_CONVERSION = YES_AGGRESSIVE;
				CLANG_CXX_LANGUAGE_STANDARD = "gnu++0x";
				CLANG_CXX_LIBRARY = "libc++";
				CLANG_ENABLE_MODULES = YES;
				CLANG_ENABLE_OBJC_ARC = YES;
				CLANG_ENABLE_OBJC_WEAK = YES;
				CLANG_WARN_BLOCK_CAPTURE_AUTORELEASING = YES;
				CLANG_WARN_BOOL_CONVERSION = YES;
				CLANG_WARN_COMMA = YES;
				CLANG_WARN_CONSTANT_CONVERSION = YES;
				CLANG_WARN_DEPRECATED_OBJC_IMPLEMENTATIONS = YES;
				CLANG_WARN_DIRECT_OBJC_ISA_USAGE = YES_ERROR;
				CLANG_WARN_DOCUMENTATION_COMMENTS = YES;
				CLANG_WARN_EMPTY_BODY = YES;
				CLANG_WARN_ENUM_CONVERSION = YES;
				CLANG_WARN_INFINITE_RECURSION = YES;
				CLANG_WARN_INT_CONVERSION = YES;
				CLANG_WARN_NON_LITERAL_NULL_CONVERSION = YES;
				CLANG_WARN_OBJC_IMPLICIT_RETAIN_SELF = YES;
				CLANG_WARN_OBJC_LITERAL_CONVERSION = YES;
				CLANG_WARN_OBJC_ROOT_CLASS = YES_ERROR;
				CLANG_WARN_RANGE_LOOP_ANALYSIS = YES;
				CLANG_WARN_STRICT_PROTOTYPES = YES;
				CLANG_WARN_SUSPICIOUS_MOVE = YES;
				CLANG_WARN_UNGUARDED_AVAILABILITY = YES_AGGRESSIVE;
				CLANG_WARN_UNREACHABLE_CODE = YES;
				CLANG_WARN__DUPLICATE_METHOD_MATCH = YES;
				CODE_SIGN_IDENTITY = "-";
				COPY_PHASE_STRIP = NO;
				DEBUG_INFORMATION_FORMAT = dwarf;
				ENABLE_STRICT_OBJC_MSGSEND = YES;
				ENABLE_TESTABILITY = YES;
				GCC_C_LANGUAGE_STANDARD = gnu11;
				GCC_DYNAMIC_NO_PIC = NO;
				GCC_NO_COMMON_BLOCKS = YES;
				GCC_OPTIMIZATION_LEVEL = 0;
				GCC_PREPROCESSOR_DEFINITIONS = (
					"DEBUG=1",
					"$(inherited)",
				);
				GCC_WARN_64_TO_32_BIT_CONVERSION = YES;
				GCC_WARN_ABOUT_RETURN_TYPE = YES_ERROR;
				GCC_WARN_UNDECLARED_SELECTOR = YES;
				GCC_WARN_UNINITIALIZED_AUTOS = YES_AGGRESSIVE;
				GCC_WARN_UNUSED_FUNCTION = YES;
				GCC_WARN_UNUSED_VARIABLE = YES;
				MACOSX_DEPLOYMENT_TARGET = 10.14;
				MTL_ENABLE_DEBUG_INFO = INCLUDE_SOURCE;
				MTL_FAST_MATH = YES;
				ONLY_ACTIVE_ARCH = YES;
				SDKROOT = macosx;
			};
			name = Debug;
		};
		D46FC37E22ECED0800CE9F2D /* Release */ = {
			isa = XCBuildConfiguration;
			buildSettings = {
				ALWAYS_SEARCH_USER_PATHS = NO;
				CLANG_ANALYZER_NONNULL = YES;
				CLANG_ANALYZER_NUMBER_OBJECT_CONVERSION = YES_AGGRESSIVE;
				CLANG_CXX_LANGUAGE_STANDARD = "gnu++0x";
				CLANG_CXX_LIBRARY = "libc++";
				CLANG_ENABLE_MODULES = YES;
				CLANG_ENABLE_OBJC_ARC = YES;
				CLANG_ENABLE_OBJC_WEAK = YES;
				CLANG_WARN_BLOCK_CAPTURE_AUTORELEASING = YES;
				CLANG_WARN_BOOL_CONVERSION = YES;
				CLANG_WARN_COMMA = YES;
				CLANG_WARN_CONSTANT_CONVERSION = YES;
				CLANG_WARN_DEPRECATED_OBJC_IMPLEMENTATIONS = YES;
				CLANG_WARN_DIRECT_OBJC_ISA_USAGE = YES_ERROR;
				CLANG_WARN_DOCUMENTATION_COMMENTS = YES;
				CLANG_WARN_EMPTY_BODY = YES;
				CLANG_WARN_ENUM_CONVERSION = YES;
				CLANG_WARN_INFINITE_RECURSION = YES;
				CLANG_WARN_INT_CONVERSION = YES;
				CLANG_WARN_NON_LITERAL_NULL_CONVERSION = YES;
				CLANG_WARN_OBJC_IMPLICIT_RETAIN_SELF = YES;
				CLANG_WARN_OBJC_LITERAL_CONVERSION = YES;
				CLANG_WARN_OBJC_ROOT_CLASS = YES_ERROR;
				CLANG_WARN_RANGE_LOOP_ANALYSIS = YES;
				CLANG_WARN_STRICT_PROTOTYPES = YES;
				CLANG_WARN_SUSPICIOUS_MOVE = YES;
				CLANG_WARN_UNGUARDED_AVAILABILITY = YES_AGGRESSIVE;
				CLANG_WARN_UNREACHABLE_CODE = YES;
				CLANG_WARN__DUPLICATE_METHOD_MATCH = YES;
				CODE_SIGN_IDENTITY = "-";
				COPY_PHASE_STRIP = NO;
				DEBUG_INFORMATION_FORMAT = "dwarf-with-dsym";
				ENABLE_NS_ASSERTIONS = NO;
				ENABLE_STRICT_OBJC_MSGSEND = YES;
				GCC_C_LANGUAGE_STANDARD = gnu11;
				GCC_NO_COMMON_BLOCKS = YES;
				GCC_WARN_64_TO_32_BIT_CONVERSION = YES;
				GCC_WARN_ABOUT_RETURN_TYPE = YES_ERROR;
				GCC_WARN_UNDECLARED_SELECTOR = YES;
				GCC_WARN_UNINITIALIZED_AUTOS = YES_AGGRESSIVE;
				GCC_WARN_UNUSED_FUNCTION = YES;
				GCC_WARN_UNUSED_VARIABLE = YES;
				MACOSX_DEPLOYMENT_TARGET = 10.14;
				MTL_ENABLE_DEBUG_INFO = NO;
				MTL_FAST_MATH = YES;
				SDKROOT = macosx;
			};
			name = Release;
		};
		D46FC38022ECED0800CE9F2D /* Debug */ = {
			isa = XCBuildConfiguration;
			buildSettings = {
				CODE_SIGN_STYLE = Automatic;
				EXECUTABLE_PREFIX = "";
				PRODUCT_NAME = "$(TARGET_NAME)";
				SKIP_INSTALL = YES;
			};
			name = Debug;
		};
		D46FC38122ECED0800CE9F2D /* Release */ = {
			isa = XCBuildConfiguration;
			buildSettings = {
				CODE_SIGN_STYLE = Automatic;
				EXECUTABLE_PREFIX = "";
				PRODUCT_NAME = "$(TARGET_NAME)";
				SKIP_INSTALL = YES;
			};
			name = Release;
		};
/* End XCBuildConfiguration section */

/* Begin XCConfigurationList section */
		D46FC37622ECED0800CE9F2D /* Build configuration list for PBXProject "liblaban" */ = {
			isa = XCConfigurationList;
			buildConfigurations = (
				D46FC37D22ECED0800CE9F2D /* Debug */,
				D46FC37E22ECED0800CE9F2D /* Release */,
			);
			defaultConfigurationIsVisible = 0;
			defaultConfigurationName = Release;
		};
		D46FC37F22ECED0800CE9F2D /* Build configuration list for PBXNativeTarget "liblaban" */ = {
			isa = XCConfigurationList;
			buildConfigurations = (
				D46FC38022ECED0800CE9F2D /* Debug */,
				D46FC38122ECED0800CE9F2D /* Release */,
			);
			defaultConfigurationIsVisible = 0;
			defaultConfigurationName = Release;
		};
/* End XCConfigurationList section */
	};
	rootObject = D46FC37322ECED0800CE9F2D /* Project object */;
}
